
Microsoft Visual Studio Solution File, Format Version 12.00
# Visual Studio Version 16
VisualStudioVersion = 16.0.32106.194
MinimumVisualStudioVersion = 10.0.40219.1
Project("{FAE04EC0-301F-11D3-BF4B-00C04F79EFBC}") = "TaskTracker_v2", "TaskTracker_v2.csproj", "{59554254-BE42-4B4D-A57E-D2E019C62AA8}"
EndProject
Global
	GlobalSection(SolutionConfigurationPlatforms) = preSolution
		Debug|Any CPU = Debug|Any CPU
		Release|Any CPU = Release|Any CPU
	EndGlobalSection
	GlobalSection(ProjectConfigurationPlatforms) = postSolution
		{59554254-BE42-4B4D-A57E-D2E019C62AA8}.Debug|Any CPU.ActiveCfg = Debug|Any CPU
		{59554254-BE42-4B4D-A57E-D2E019C62AA8}.Debug|Any CPU.Build.0 = Debug|Any CPU
		{59554254-BE42-4B4D-A57E-D2E019C62AA8}.Release|Any CPU.ActiveCfg = Release|Any CPU
		{59554254-BE42-4B4D-A57E-D2E019C62AA8}.Release|Any CPU.Build.0 = Release|Any CPU
	EndGlobalSection
	GlobalSection(SolutionProperties) = preSolution
		HideSolutionNode = FALSE
	EndGlobalSection
	GlobalSection(ExtensibilityGlobals) = postSolution
		SolutionGuid = {E5D80CB4-93C5-4F28-86F8-A26A4465DF44}
	EndGlobalSection
EndGlobal
